schema: '2.0'
stages:
  prepare:
    cmd: python src/prepare.py
    deps:
    - path: data/raw/titanic.csv
      hash: md5
      md5: ddb7e53d06233fc5c65abd3a8a84c138
      size: 62745
    - path: src/features.py
      hash: md5
      md5: bdcad8c11c716e44ffb02f72f08075fd
      size: 360
    - path: src/prepare.py
      hash: md5
      md5: 1e607b00f78f0ebbbc5436a5ba9a31a4
      size: 1108
    params:
      params.yaml:
        seed: 42
        split.test_size: 0.2
    outs:
    - path: data/processed/X_test.csv
      hash: md5
      md5: 3670c4a492e5aec71ffdabd76153c7e8
      size: 3608
    - path: data/processed/X_train.csv
      hash: md5
      md5: 595e54bfc372125b4ffad5963d825bea
      size: 14288
    - path: data/processed/y_test.csv
      hash: md5
      md5: 2187c0b0065b72766897c0cdca70448b
      size: 544
    - path: data/processed/y_train.csv
      hash: md5
      md5: 6332e3af3d41e2391378aee46009d948
      size: 2143
  train:
    cmd: python src/train_model.py
    deps:
    - path: data/processed/X_train.csv
      hash: md5
      md5: 595e54bfc372125b4ffad5963d825bea
      size: 14288
    - path: data/processed/y_train.csv
      hash: md5
      md5: 6332e3af3d41e2391378aee46009d948
      size: 2143
    - path: src/train_model.py
      hash: md5
      md5: da8215bb5deb06ce9fe908f368da64ee
      size: 609
    params:
      params.yaml:
        seed: 42
        train.max_depth: 4
        train.n_estimators: 100
    outs:
    - path: models/model.pkl
      hash: md5
      md5: 6b788a9c03bfb272b86593fe3b05e432
      size: 237246
  evaluate:
    cmd: python src/evaluate.py
    deps:
    - path: data/processed/X_test.csv
      hash: md5
      md5: 3670c4a492e5aec71ffdabd76153c7e8
      size: 3608
    - path: data/processed/y_test.csv
      hash: md5
      md5: 2187c0b0065b72766897c0cdca70448b
      size: 544
    - path: models/model.pkl
      hash: md5
      md5: 6b788a9c03bfb272b86593fe3b05e432
      size: 237246
    - path: src/evaluate.py
      hash: md5
      md5: 9274eb98d162408a9391a00ddaf63bd2
      size: 712
    outs:
    - path: metrics.json
      hash: md5
      md5: 96524cb722e9a22cb204e19180708862
      size: 99
