schema: '2.0'
stages:
  prepare:
    cmd: python src/prepare.py
    deps:
    - path: data/raw/titanic.csv
      hash: md5
      md5: ddb7e53d06233fc5c65abd3a8a84c138
      size: 62745
    - path: src/features.py
      hash: md5
      md5: d7e4c19b0df73567ee868e9a0adec333
      size: 349
    - path: src/prepare.py
      hash: md5
      md5: 765c1c74cef861be444a64371bdce8b2
      size: 1074
    params:
      params.yaml:
        seed: 42
        split.test_size: 0.2
    outs:
    - path: data/processed/X_test.csv
      hash: md5
      md5: cdc71e9199baf824294ad99c5b195eaa
      size: 3429
    - path: data/processed/X_train.csv
      hash: md5
      md5: 24425d08287013a845ce73ff7b8460ad
      size: 13576
    - path: data/processed/y_test.csv
      hash: md5
      md5: 36026b6df1933512db0cca4ee702f16d
      size: 365
    - path: data/processed/y_train.csv
      hash: md5
      md5: 4cfacc80e44933ed36ae00ada26b7dd6
      size: 1431
  train:
    cmd: python src/train_model.py
    deps:
    - path: data/processed/X_train.csv
      hash: md5
      md5: 24425d08287013a845ce73ff7b8460ad
      size: 13576
    - path: data/processed/y_train.csv
      hash: md5
      md5: 4cfacc80e44933ed36ae00ada26b7dd6
      size: 1431
    - path: src/train_model.py
      hash: md5
      md5: f6303bac6182ba5539d86b716e259500
      size: 587
    params:
      params.yaml:
        seed: 42
        train.max_depth: 6
        train.n_estimators: 100
    outs:
    - path: models/model.pkl
      hash: md5
      md5: 37af79f87b486ee927f73e5eaadb6ad8
      size: 553826
  evaluate:
    cmd: python src/evaluate.py
    deps:
    - path: data/processed/X_test.csv
      hash: md5
      md5: cdc71e9199baf824294ad99c5b195eaa
      size: 3429
    - path: data/processed/y_test.csv
      hash: md5
      md5: 36026b6df1933512db0cca4ee702f16d
      size: 365
    - path: models/model.pkl
      hash: md5
      md5: 37af79f87b486ee927f73e5eaadb6ad8
      size: 553826
    - path: src/evaluate.py
      hash: md5
      md5: a57860eb10b3346b87a2c6f9327e64cd
      size: 686
    outs:
    - path: metrics.json
      hash: md5
      md5: ca0f979c8bf63def604892196a48da9b
      size: 96
